
Microsoft Visual Studio Solution File, Format Version 12.00
# Visual Studio 15
VisualStudioVersion = 15.0.27130.2003
MinimumVisualStudioVersion = 10.0.40219.1
Project("{FAE04EC0-301F-11D3-BF4B-00C04F79EFBC}") = "hotel", "hotel\hotel.csproj", "{C13FFF0B-1571-43F3-B332-77692BADAF60}"
EndProject
Global
	GlobalSection(SolutionConfigurationPlatforms) = preSolution
		Debug|Any CPU = Debug|Any CPU
		Release|Any CPU = Release|Any CPU
	EndGlobalSection
	GlobalSection(ProjectConfigurationPlatforms) = postSolution
		{C13FFF0B-1571-43F3-B332-77692BADAF60}.Debug|Any CPU.ActiveCfg = Debug|Any CPU
		{C13FFF0B-1571-43F3-B332-77692BADAF60}.Debug|Any CPU.Build.0 = Debug|Any CPU
		{C13FFF0B-1571-43F3-B332-77692BADAF60}.Release|Any CPU.ActiveCfg = Release|Any CPU
		{C13FFF0B-1571-43F3-B332-77692BADAF60}.Release|Any CPU.Build.0 = Release|Any CPU
	EndGlobalSection
	GlobalSection(SolutionProperties) = preSolution
		HideSolutionNode = FALSE
	EndGlobalSection
	GlobalSection(ExtensibilityGlobals) = postSolution
		SolutionGuid = {DC113250-B647-48F0-8559-62F25D706A8D}
	EndGlobalSection
EndGlobal
